
Microsoft Visual Studio Solution File, Format Version 11.00
# Visual Studio 2010
Project("{FAE04EC0-301F-11D3-BF4B-00C04F79EFBC}") = "Assembly-CSharp", "Assembly-CSharp.csproj", "{D0C0FCB0-8542-0750-DD39-C50062F5CB8A}"
EndProject
Global
	GlobalSection(SolutionConfigurationPlatforms) = preSolution
		Debug|Any CPU = Debug|Any CPU
		Release|Any CPU = Release|Any CPU
	EndGlobalSection
	GlobalSection(ProjectConfigurationPlatforms) = postSolution
		{D0C0FCB0-8542-0750-DD39-C50062F5CB8A}.Debug|Any CPU.ActiveCfg = Debug|Any CPU
		{D0C0FCB0-8542-0750-DD39-C50062F5CB8A}.Debug|Any CPU.Build.0 = Debug|Any CPU
		{D0C0FCB0-8542-0750-DD39-C50062F5CB8A}.Release|Any CPU.ActiveCfg = Release|Any CPU
		{D0C0FCB0-8542-0750-DD39-C50062F5CB8A}.Release|Any CPU.Build.0 = Release|Any CPU
	EndGlobalSection
	GlobalSection(SolutionProperties) = preSolution
		HideSolutionNode = FALSE
	EndGlobalSection
EndGlobal
